
Microsoft Visual Studio Solution File, Format Version 12.00
# Visual Studio Version 16
VisualStudioVersion = 16.0.30413.136
MinimumVisualStudioVersion = 10.0.40219.1
Project("{FAE04EC0-301F-11D3-BF4B-00C04F79EFBC}") = "Brainworkassignment", "Brainworkassignment\Brainworkassignment.csproj", "{AAD812FC-EF4E-449C-A39E-43A9ADCC8703}"
EndProject
Global
	GlobalSection(SolutionConfigurationPlatforms) = preSolution
		Debug|Any CPU = Debug|Any CPU
		Release|Any CPU = Release|Any CPU
	EndGlobalSection
	GlobalSection(ProjectConfigurationPlatforms) = postSolution
		{AAD812FC-EF4E-449C-A39E-43A9ADCC8703}.Debug|Any CPU.ActiveCfg = Debug|Any CPU
		{AAD812FC-EF4E-449C-A39E-43A9ADCC8703}.Debug|Any CPU.Build.0 = Debug|Any CPU
		{AAD812FC-EF4E-449C-A39E-43A9ADCC8703}.Release|Any CPU.ActiveCfg = Release|Any CPU
		{AAD812FC-EF4E-449C-A39E-43A9ADCC8703}.Release|Any CPU.Build.0 = Release|Any CPU
	EndGlobalSection
	GlobalSection(SolutionProperties) = preSolution
		HideSolutionNode = FALSE
	EndGlobalSection
	GlobalSection(ExtensibilityGlobals) = postSolution
		SolutionGuid = {6D476289-4C1F-4AA4-8687-F204BCDF7497}
	EndGlobalSection
EndGlobal
